
Microsoft Visual Studio Solution File, Format Version 12.00
# Visual Studio Version 16
VisualStudioVersion = 16.0.31515.178
MinimumVisualStudioVersion = 10.0.40219.1
Project("{9A19103F-16F7-4668-BE54-9A1E7A4F7556}") = "Humans", "Humans.csproj", "{C3C41C03-3D5D-4A0A-9113-1F48C2F0FBF0}"
EndProject
Global
	GlobalSection(SolutionConfigurationPlatforms) = preSolution
		Debug|Any CPU = Debug|Any CPU
		Release|Any CPU = Release|Any CPU
	EndGlobalSection
	GlobalSection(ProjectConfigurationPlatforms) = postSolution
		{C3C41C03-3D5D-4A0A-9113-1F48C2F0FBF0}.Debug|Any CPU.ActiveCfg = Debug|Any CPU
		{C3C41C03-3D5D-4A0A-9113-1F48C2F0FBF0}.Debug|Any CPU.Build.0 = Debug|Any CPU
		{C3C41C03-3D5D-4A0A-9113-1F48C2F0FBF0}.Release|Any CPU.ActiveCfg = Release|Any CPU
		{C3C41C03-3D5D-4A0A-9113-1F48C2F0FBF0}.Release|Any CPU.Build.0 = Release|Any CPU
	EndGlobalSection
	GlobalSection(SolutionProperties) = preSolution
		HideSolutionNode = FALSE
	EndGlobalSection
	GlobalSection(ExtensibilityGlobals) = postSolution
		SolutionGuid = {24116AD3-6EF2-4D62-A810-6EAEA2C7638E}
	EndGlobalSection
EndGlobal
